
Microsoft Visual Studio Solution File, Format Version 12.00
# Visual Studio 2015
Project("{FAE04EC0-301F-11D3-BF4B-00C04F79EFBC}") = "Integration.CSharp", "Integration.CSharp.csproj", "{EE6880C7-1F45-E6DD-070D-1188834C48D0}"
EndProject
Global
	GlobalSection(SolutionConfigurationPlatforms) = preSolution
		Debug|Any CPU = Debug|Any CPU
		Release|Any CPU = Release|Any CPU
	EndGlobalSection
	GlobalSection(ProjectConfigurationPlatforms) = postSolution
		{EE6880C7-1F45-E6DD-070D-1188834C48D0}.Debug|Any CPU.ActiveCfg = Debug|Any CPU
		{EE6880C7-1F45-E6DD-070D-1188834C48D0}.Debug|Any CPU.Build.0 = Debug|Any CPU
		{EE6880C7-1F45-E6DD-070D-1188834C48D0}.Release|Any CPU.ActiveCfg = Release|Any CPU
		{EE6880C7-1F45-E6DD-070D-1188834C48D0}.Release|Any CPU.Build.0 = Release|Any CPU
	EndGlobalSection
	GlobalSection(SolutionProperties) = preSolution
		HideSolutionNode = FALSE
	EndGlobalSection
EndGlobal
